
Microsoft Visual Studio Solution File, Format Version 12.00
# Visual Studio Version 16
VisualStudioVersion = 16.0.31911.196
MinimumVisualStudioVersion = 10.0.40219.1
Project("{151D2E53-A2C4-4D7D-83FE-D05416EBD58E}") = "AzureWorkshop", "AzureWorkshop\AzureWorkshop.deployproj", "{D19D0366-3F04-4DAC-B05C-4D029153218B}"
EndProject
Global
	GlobalSection(SolutionConfigurationPlatforms) = preSolution
		Debug|Any CPU = Debug|Any CPU
		Release|Any CPU = Release|Any CPU
	EndGlobalSection
	GlobalSection(ProjectConfigurationPlatforms) = postSolution
		{D19D0366-3F04-4DAC-B05C-4D029153218B}.Debug|Any CPU.ActiveCfg = Debug|Any CPU
		{D19D0366-3F04-4DAC-B05C-4D029153218B}.Debug|Any CPU.Build.0 = Debug|Any CPU
		{D19D0366-3F04-4DAC-B05C-4D029153218B}.Release|Any CPU.ActiveCfg = Release|Any CPU
		{D19D0366-3F04-4DAC-B05C-4D029153218B}.Release|Any CPU.Build.0 = Release|Any CPU
	EndGlobalSection
	GlobalSection(SolutionProperties) = preSolution
		HideSolutionNode = FALSE
	EndGlobalSection
	GlobalSection(ExtensibilityGlobals) = postSolution
		SolutionGuid = {0BB5A459-E9D8-4F84-88C1-0B2734E977FA}
	EndGlobalSection
EndGlobal
